
Microsoft Visual Studio Solution File, Format Version 12.00
# Visual Studio Version 16
VisualStudioVersion = 16.0.29424.173
MinimumVisualStudioVersion = 10.0.40219.1
Project("{FAE04EC0-301F-11D3-BF4B-00C04F79EFBC}") = "DemoGame", "DemoGame\DemoGame.csproj", "{09D693F6-52FD-447D-A39E-3BCF159D7A43}"
EndProject
Global
	GlobalSection(SolutionConfigurationPlatforms) = preSolution
		Debug|Any CPU = Debug|Any CPU
		Release|Any CPU = Release|Any CPU
	EndGlobalSection
	GlobalSection(ProjectConfigurationPlatforms) = postSolution
		{09D693F6-52FD-447D-A39E-3BCF159D7A43}.Debug|Any CPU.ActiveCfg = Debug|Any CPU
		{09D693F6-52FD-447D-A39E-3BCF159D7A43}.Debug|Any CPU.Build.0 = Debug|Any CPU
		{09D693F6-52FD-447D-A39E-3BCF159D7A43}.Release|Any CPU.ActiveCfg = Release|Any CPU
		{09D693F6-52FD-447D-A39E-3BCF159D7A43}.Release|Any CPU.Build.0 = Release|Any CPU
	EndGlobalSection
	GlobalSection(SolutionProperties) = preSolution
		HideSolutionNode = FALSE
	EndGlobalSection
	GlobalSection(ExtensibilityGlobals) = postSolution
		SolutionGuid = {C6A5C644-BD5C-4B5C-8B08-DD5A6D578A66}
	EndGlobalSection
EndGlobal
